
Microsoft Visual Studio Solution File, Format Version 12.00
# Visual Studio Version 17
VisualStudioVersion = 17.9.34714.143
MinimumVisualStudioVersion = 10.0.40219.1
Project("{FAE04EC0-301F-11D3-BF4B-00C04F79EFBC}") = "ConsoleWriter", "ConsoleWriter\ConsoleWriter.csproj", "{A2C3B5E8-231F-46C1-8853-88DA381A2B7B}"
EndProject
Global
	GlobalSection(SolutionConfigurationPlatforms) = preSolution
		Debug|Any CPU = Debug|Any CPU
		Release|Any CPU = Release|Any CPU
	EndGlobalSection
	GlobalSection(ProjectConfigurationPlatforms) = postSolution
		{A2C3B5E8-231F-46C1-8853-88DA381A2B7B}.Debug|Any CPU.ActiveCfg = Debug|Any CPU
		{A2C3B5E8-231F-46C1-8853-88DA381A2B7B}.Debug|Any CPU.Build.0 = Debug|Any CPU
		{A2C3B5E8-231F-46C1-8853-88DA381A2B7B}.Release|Any CPU.ActiveCfg = Release|Any CPU
		{A2C3B5E8-231F-46C1-8853-88DA381A2B7B}.Release|Any CPU.Build.0 = Release|Any CPU
	EndGlobalSection
	GlobalSection(SolutionProperties) = preSolution
		HideSolutionNode = FALSE
	EndGlobalSection
	GlobalSection(ExtensibilityGlobals) = postSolution
		SolutionGuid = {742D1ED1-FD3F-48CC-B01A-F6E7F39AC592}
	EndGlobalSection
EndGlobal
